
Microsoft Visual Studio Solution File, Format Version 12.00
# Visual Studio Version 17
VisualStudioVersion = 17.13.35913.81 d17.13
MinimumVisualStudioVersion = 10.0.40219.1
Project("{FAE04EC0-301F-11D3-BF4B-00C04F79EFBC}") = "DentalSchedulerAPI", "DentalSchedulerAPI\DentalSchedulerAPI.csproj", "{B5B0C536-9E41-451A-A86B-9B355FB8CA90}"
EndProject
Global
	GlobalSection(SolutionConfigurationPlatforms) = preSolution
		Debug|Any CPU = Debug|Any CPU
		Release|Any CPU = Release|Any CPU
	EndGlobalSection
	GlobalSection(ProjectConfigurationPlatforms) = postSolution
		{B5B0C536-9E41-451A-A86B-9B355FB8CA90}.Debug|Any CPU.ActiveCfg = Debug|Any CPU
		{B5B0C536-9E41-451A-A86B-9B355FB8CA90}.Debug|Any CPU.Build.0 = Debug|Any CPU
		{B5B0C536-9E41-451A-A86B-9B355FB8CA90}.Release|Any CPU.ActiveCfg = Release|Any CPU
		{B5B0C536-9E41-451A-A86B-9B355FB8CA90}.Release|Any CPU.Build.0 = Release|Any CPU
	EndGlobalSection
	GlobalSection(SolutionProperties) = preSolution
		HideSolutionNode = FALSE
	EndGlobalSection
	GlobalSection(ExtensibilityGlobals) = postSolution
		SolutionGuid = {75252874-1968-4C29-A929-874EE3B73F0E}
	EndGlobalSection
EndGlobal
